{
  "name": "baseline",
  "version": "1.0.0",
  "lockfileVersion": 3,
  "packages": {
    "": {
      "name": "baseline",
      "version": "1.0.0",
      "dependencies": {
        "safe-package": "1.0.0"
      }
    },
    "node_modules/safe-package": {
      "version": "1.0.0",
      "license": "MIT"
    }
  }
}
