{
  "name": "npm-risky",
  "lockfileVersion": 3,
  "requires": true,
  "packages": {
    "": {
      "name": "npm-risky",
      "dependencies": {
        "left-pad": "^1.3.0",
        "remote-tool": "git+https://example.com/remote-tool.git"
      },
      "devDependencies": {
        "wide": "latest"
      }
    },
    "node_modules/left-pad": {
      "version": "1.3.0",
      "resolved": "https://registry.npmjs.org/left-pad/-/left-pad-1.3.0.tgz",
      "license": "WTFPL"
    },
    "node_modules/native-risk": {
      "version": "2.0.0",
      "resolved": "https://registry.npmjs.org/native-risk/-/native-risk-2.0.0.tgz",
      "hasInstallScript": true,
      "license": "UNKNOWN"
    }
  }
}
