{
  "name": "risky-project",
  "version": "1.0.0",
  "lockfileVersion": 3,
  "requires": true,
  "packages": {
    "": {
      "name": "risky-project",
      "version": "1.0.0",
      "dependencies": {
        "alpha": "latest",
        "beta": "https://example.com/beta.tgz",
        "gamma": "*",
        "missing": "^1.0.0"
      },
      "devDependencies": {
        "local-tool": "file:../local-tool"
      }
    },
    "node_modules/alpha": {
      "version": "2.0.0",
      "resolved": "https://registry.npmjs.org/alpha/-/alpha-2.0.0.tgz"
    },
    "node_modules/beta": {
      "version": "1.0.0",
      "resolved": "https://example.com/beta.tgz"
    },
    "node_modules/gamma": {
      "version": "3.1.0",
      "hasInstallScript": true
    },
    "node_modules/transitive-only": {
      "version": "0.2.0"
    }
  }
}
